
Microsoft Visual Studio Solution File, Format Version 12.00
# Visual Studio 15
VisualStudioVersion = 15.0.27703.2000
MinimumVisualStudioVersion = 10.0.40219.1
Project("{9A19103F-16F7-4668-BE54-9A1E7A4F7556}") = "DatingApp.API", "DatingApp.API.csproj", "{DFBA42DC-C44C-430F-BC4B-8C9851C3FCAC}"
EndProject
Global
	GlobalSection(SolutionConfigurationPlatforms) = preSolution
		Debug|Any CPU = Debug|Any CPU
		Release|Any CPU = Release|Any CPU
	EndGlobalSection
	GlobalSection(ProjectConfigurationPlatforms) = postSolution
		{DFBA42DC-C44C-430F-BC4B-8C9851C3FCAC}.Debug|Any CPU.ActiveCfg = Debug|Any CPU
		{DFBA42DC-C44C-430F-BC4B-8C9851C3FCAC}.Debug|Any CPU.Build.0 = Debug|Any CPU
		{DFBA42DC-C44C-430F-BC4B-8C9851C3FCAC}.Release|Any CPU.ActiveCfg = Release|Any CPU
		{DFBA42DC-C44C-430F-BC4B-8C9851C3FCAC}.Release|Any CPU.Build.0 = Release|Any CPU
	EndGlobalSection
	GlobalSection(SolutionProperties) = preSolution
		HideSolutionNode = FALSE
	EndGlobalSection
	GlobalSection(ExtensibilityGlobals) = postSolution
		SolutionGuid = {7ABDA145-FDD7-47B3-ACCA-5F19C0D30980}
	EndGlobalSection
EndGlobal
